
Microsoft Visual Studio Solution File, Format Version 12.00
# Visual Studio Version 16
VisualStudioVersion = 16.0.31624.102
MinimumVisualStudioVersion = 10.0.40219.1
Project("{9A19103F-16F7-4668-BE54-9A1E7A4F7556}") = "CvPool", "CvPool\CvPool.csproj", "{240D75B1-2B6B-46BA-AB21-BE4ED22D8E72}"
EndProject
Global
	GlobalSection(SolutionConfigurationPlatforms) = preSolution
		Debug|Any CPU = Debug|Any CPU
		Release|Any CPU = Release|Any CPU
	EndGlobalSection
	GlobalSection(ProjectConfigurationPlatforms) = postSolution
		{240D75B1-2B6B-46BA-AB21-BE4ED22D8E72}.Debug|Any CPU.ActiveCfg = Debug|Any CPU
		{240D75B1-2B6B-46BA-AB21-BE4ED22D8E72}.Debug|Any CPU.Build.0 = Debug|Any CPU
		{240D75B1-2B6B-46BA-AB21-BE4ED22D8E72}.Release|Any CPU.ActiveCfg = Release|Any CPU
		{240D75B1-2B6B-46BA-AB21-BE4ED22D8E72}.Release|Any CPU.Build.0 = Release|Any CPU
	EndGlobalSection
	GlobalSection(SolutionProperties) = preSolution
		HideSolutionNode = FALSE
	EndGlobalSection
	GlobalSection(ExtensibilityGlobals) = postSolution
		SolutionGuid = {3595AE2E-6ED9-46F8-936F-9C52D9B44B61}
	EndGlobalSection
EndGlobal
